
Microsoft Visual Studio Solution File, Format Version 12.00
# Visual Studio 15
VisualStudioVersion = 15.0.27703.2035
MinimumVisualStudioVersion = 10.0.40219.1
Project("{E53339B2-1760-4266-BCC7-CA923CBCF16C}") = "docker-compose", "docker-compose.dcproj", "{AB4A48D0-BC30-4DA9-8D5C-4CD3217B15D5}"
EndProject
Project("{9A19103F-16F7-4668-BE54-9A1E7A4F7556}") = "RadioPlusScraperCoreWebApp", "RadioPlusScraperCoreWebApp\RadioPlusScraperCoreWebApp.csproj", "{D1870318-CD33-437B-B0A7-2C515304EA69}"
EndProject
Project("{9A19103F-16F7-4668-BE54-9A1E7A4F7556}") = "RadioPlusScraperNetStandard", "RadioPlusScraperNetStandard\RadioPlusScraperNetStandard.csproj", "{2CDE3BB2-C841-4E02-A6C4-B1779D4CCA31}"
EndProject
Project("{9A19103F-16F7-4668-BE54-9A1E7A4F7556}") = "Selenium.WebDriver.WaitExtensions.NetStandard", "Selenium.WebDriver.WaitExtensions.NetStandard\Selenium.WebDriver.WaitExtensions.NetStandard.csproj", "{5EFFF0F8-34FC-4033-88C9-9A68CE39DE39}"
EndProject
Project("{FAE04EC0-301F-11D3-BF4B-00C04F79EFBC}") = "RadioPlusScraper.Docker.Spike", "..\RadioPlusScraper.Docker.Spike\RadioPlusScraper.Docker.Spike.csproj", "{042882EA-D029-4798-8EB0-8990A0CA300B}"
EndProject
Global
	GlobalSection(SolutionConfigurationPlatforms) = preSolution
		Debug|Any CPU = Debug|Any CPU
		Release|Any CPU = Release|Any CPU
	EndGlobalSection
	GlobalSection(ProjectConfigurationPlatforms) = postSolution
		{AB4A48D0-BC30-4DA9-8D5C-4CD3217B15D5}.Debug|Any CPU.ActiveCfg = Debug|Any CPU
		{AB4A48D0-BC30-4DA9-8D5C-4CD3217B15D5}.Release|Any CPU.ActiveCfg = Release|Any CPU
		{AB4A48D0-BC30-4DA9-8D5C-4CD3217B15D5}.Release|Any CPU.Build.0 = Release|Any CPU
		{D1870318-CD33-437B-B0A7-2C515304EA69}.Debug|Any CPU.ActiveCfg = Debug|Any CPU
		{D1870318-CD33-437B-B0A7-2C515304EA69}.Debug|Any CPU.Build.0 = Debug|Any CPU
		{D1870318-CD33-437B-B0A7-2C515304EA69}.Release|Any CPU.ActiveCfg = Release|Any CPU
		{D1870318-CD33-437B-B0A7-2C515304EA69}.Release|Any CPU.Build.0 = Release|Any CPU
		{2CDE3BB2-C841-4E02-A6C4-B1779D4CCA31}.Debug|Any CPU.ActiveCfg = Debug|Any CPU
		{2CDE3BB2-C841-4E02-A6C4-B1779D4CCA31}.Debug|Any CPU.Build.0 = Debug|Any CPU
		{2CDE3BB2-C841-4E02-A6C4-B1779D4CCA31}.Release|Any CPU.ActiveCfg = Release|Any CPU
		{2CDE3BB2-C841-4E02-A6C4-B1779D4CCA31}.Release|Any CPU.Build.0 = Release|Any CPU
		{5EFFF0F8-34FC-4033-88C9-9A68CE39DE39}.Debug|Any CPU.ActiveCfg = Debug|Any CPU
		{5EFFF0F8-34FC-4033-88C9-9A68CE39DE39}.Debug|Any CPU.Build.0 = Debug|Any CPU
		{5EFFF0F8-34FC-4033-88C9-9A68CE39DE39}.Release|Any CPU.ActiveCfg = Release|Any CPU
		{5EFFF0F8-34FC-4033-88C9-9A68CE39DE39}.Release|Any CPU.Build.0 = Release|Any CPU
		{042882EA-D029-4798-8EB0-8990A0CA300B}.Debug|Any CPU.ActiveCfg = Debug|Any CPU
		{042882EA-D029-4798-8EB0-8990A0CA300B}.Debug|Any CPU.Build.0 = Debug|Any CPU
		{042882EA-D029-4798-8EB0-8990A0CA300B}.Release|Any CPU.ActiveCfg = Release|Any CPU
		{042882EA-D029-4798-8EB0-8990A0CA300B}.Release|Any CPU.Build.0 = Release|Any CPU
	EndGlobalSection
	GlobalSection(SolutionProperties) = preSolution
		HideSolutionNode = FALSE
	EndGlobalSection
	GlobalSection(ExtensibilityGlobals) = postSolution
		SolutionGuid = {B52C44EC-16A5-4D68-BBFA-720A0CA66209}
	EndGlobalSection
EndGlobal
