
Microsoft Visual Studio Solution File, Format Version 12.00
# Visual Studio 15
VisualStudioVersion = 15.0.27703.2035
MinimumVisualStudioVersion = 10.0.40219.1
Project("{FAE04EC0-301F-11D3-BF4B-00C04F79EFBC}") = "RadioPlusScraperConsole", "RadioPlusScraperConsole\RadioPlusScraperConsole.csproj", "{B4AB745A-7CBD-4AA1-AEC1-F30AEC4EEBBB}"
EndProject
Global
	GlobalSection(SolutionConfigurationPlatforms) = preSolution
		Debug|Any CPU = Debug|Any CPU
		Release|Any CPU = Release|Any CPU
	EndGlobalSection
	GlobalSection(ProjectConfigurationPlatforms) = postSolution
		{B4AB745A-7CBD-4AA1-AEC1-F30AEC4EEBBB}.Debug|Any CPU.ActiveCfg = Debug|Any CPU
		{B4AB745A-7CBD-4AA1-AEC1-F30AEC4EEBBB}.Debug|Any CPU.Build.0 = Debug|Any CPU
		{B4AB745A-7CBD-4AA1-AEC1-F30AEC4EEBBB}.Release|Any CPU.ActiveCfg = Release|Any CPU
		{B4AB745A-7CBD-4AA1-AEC1-F30AEC4EEBBB}.Release|Any CPU.Build.0 = Release|Any CPU
	EndGlobalSection
	GlobalSection(SolutionProperties) = preSolution
		HideSolutionNode = FALSE
	EndGlobalSection
	GlobalSection(ExtensibilityGlobals) = postSolution
		SolutionGuid = {B52C44EC-16A5-4D68-BBFA-720A0CA66209}
	EndGlobalSection
EndGlobal
