
Microsoft Visual Studio Solution File, Format Version 12.00
# Visual Studio 15
VisualStudioVersion = 15.0.27703.2035
MinimumVisualStudioVersion = 10.0.40219.1
Project("{FAE04EC0-301F-11D3-BF4B-00C04F79EFBC}") = "RadioPlusScraperConsole", "RadioPlusScraperConsole\RadioPlusScraperConsole.csproj", "{B4AB745A-7CBD-4AA1-AEC1-F30AEC4EEBBB}"
EndProject
Project("{9A19103F-16F7-4668-BE54-9A1E7A4F7556}") = "RadioPlusScraperNetAzureFunction", "RadioPlusScraperNetAzureFunction\RadioPlusScraperNetAzureFunction.csproj", "{F3180A76-7A7E-4E5C-BBD0-3F8EFD70E920}"
EndProject
Project("{FAE04EC0-301F-11D3-BF4B-00C04F79EFBC}") = "RadioPlusScraperNetFramework", "RadioPlusScraperNetFramework\RadioPlusScraperNetFramework.csproj", "{36E833F7-7601-43A5-8017-BE52D49DE441}"
EndProject
Project("{FAE04EC0-301F-11D3-BF4B-00C04F79EFBC}") = "RadioPlusScraperWebApi", "RadioPlusScraperWebApi\RadioPlusScraperWebApi.csproj", "{4BB710DF-844E-41C2-894C-0A351975FDD8}"
EndProject
Project("{E53339B2-1760-4266-BCC7-CA923CBCF16C}") = "docker-compose", "docker-compose.dcproj", "{AB4A48D0-BC30-4DA9-8D5C-4CD3217B15D5}"
EndProject
Global
	GlobalSection(SolutionConfigurationPlatforms) = preSolution
		Debug|Any CPU = Debug|Any CPU
		Release|Any CPU = Release|Any CPU
	EndGlobalSection
	GlobalSection(ProjectConfigurationPlatforms) = postSolution
		{B4AB745A-7CBD-4AA1-AEC1-F30AEC4EEBBB}.Debug|Any CPU.ActiveCfg = Debug|Any CPU
		{B4AB745A-7CBD-4AA1-AEC1-F30AEC4EEBBB}.Debug|Any CPU.Build.0 = Debug|Any CPU
		{B4AB745A-7CBD-4AA1-AEC1-F30AEC4EEBBB}.Release|Any CPU.ActiveCfg = Release|Any CPU
		{B4AB745A-7CBD-4AA1-AEC1-F30AEC4EEBBB}.Release|Any CPU.Build.0 = Release|Any CPU
		{F3180A76-7A7E-4E5C-BBD0-3F8EFD70E920}.Debug|Any CPU.ActiveCfg = Debug|Any CPU
		{F3180A76-7A7E-4E5C-BBD0-3F8EFD70E920}.Debug|Any CPU.Build.0 = Debug|Any CPU
		{F3180A76-7A7E-4E5C-BBD0-3F8EFD70E920}.Release|Any CPU.ActiveCfg = Release|Any CPU
		{F3180A76-7A7E-4E5C-BBD0-3F8EFD70E920}.Release|Any CPU.Build.0 = Release|Any CPU
		{36E833F7-7601-43A5-8017-BE52D49DE441}.Debug|Any CPU.ActiveCfg = Debug|Any CPU
		{36E833F7-7601-43A5-8017-BE52D49DE441}.Debug|Any CPU.Build.0 = Debug|Any CPU
		{36E833F7-7601-43A5-8017-BE52D49DE441}.Release|Any CPU.ActiveCfg = Release|Any CPU
		{36E833F7-7601-43A5-8017-BE52D49DE441}.Release|Any CPU.Build.0 = Release|Any CPU
		{4BB710DF-844E-41C2-894C-0A351975FDD8}.Debug|Any CPU.ActiveCfg = Debug|Any CPU
		{4BB710DF-844E-41C2-894C-0A351975FDD8}.Debug|Any CPU.Build.0 = Debug|Any CPU
		{4BB710DF-844E-41C2-894C-0A351975FDD8}.Release|Any CPU.ActiveCfg = Release|Any CPU
		{4BB710DF-844E-41C2-894C-0A351975FDD8}.Release|Any CPU.Build.0 = Release|Any CPU
		{AB4A48D0-BC30-4DA9-8D5C-4CD3217B15D5}.Debug|Any CPU.ActiveCfg = Debug|Any CPU
		{AB4A48D0-BC30-4DA9-8D5C-4CD3217B15D5}.Debug|Any CPU.Build.0 = Debug|Any CPU
		{AB4A48D0-BC30-4DA9-8D5C-4CD3217B15D5}.Release|Any CPU.ActiveCfg = Release|Any CPU
		{AB4A48D0-BC30-4DA9-8D5C-4CD3217B15D5}.Release|Any CPU.Build.0 = Release|Any CPU
	EndGlobalSection
	GlobalSection(SolutionProperties) = preSolution
		HideSolutionNode = FALSE
	EndGlobalSection
	GlobalSection(ExtensibilityGlobals) = postSolution
		SolutionGuid = {B52C44EC-16A5-4D68-BBFA-720A0CA66209}
	EndGlobalSection
EndGlobal
